// !$*UTF8*$!
{
	archiveVersion = 1;
	classes = {
	};
	objectVersion = 60;
	objects = {

/* Begin PBXBuildFile section */
		1C0000000000000000000001 /* BeanBeaverApp.swift in Sources */ = {isa = PBXBuildFile; fileRef = 1B0000000000000000000001 /* BeanBeaverApp.swift */; };
		1C0000000000000000000002 /* ContentView.swift in Sources */ = {isa = PBXBuildFile; fileRef = 1B0000000000000000000002 /* ContentView.swift */; };
		1C0000000000000000000003 /* ReceiptPipeline.swift in Sources */ = {isa = PBXBuildFile; fileRef = 1B0000000000000000000003 /* ReceiptPipeline.swift */; };
		1C0000000000000000000004 /* DocumentScanner.swift in Sources */ = {isa = PBXBuildFile; fileRef = 1B0000000000000000000004 /* DocumentScanner.swift */; };
		1C0000000000000000000005 /* PhotoSaver.swift in Sources */ = {isa = PBXBuildFile; fileRef = 1B0000000000000000000005 /* PhotoSaver.swift */; };
		1C0000000000000000000006 /* Theme.swift in Sources */ = {isa = PBXBuildFile; fileRef = 1B0000000000000000000006 /* Theme.swift */; };
		1C0000000000000000000007 /* Keychain.swift in Sources */ = {isa = PBXBuildFile; fileRef = 1B0000000000000000000007 /* Keychain.swift */; };
		1C0000000000000000000008 /* LedgerExport.swift in Sources */ = {isa = PBXBuildFile; fileRef = 1B0000000000000000000008 /* LedgerExport.swift */; };
		1C0000000000000000000009 /* FilesLedgerInbox.swift in Sources */ = {isa = PBXBuildFile; fileRef = 1B0000000000000000000009 /* FilesLedgerInbox.swift */; };
		1C000000000000000000000A /* GitHubLedger.swift in Sources */ = {isa = PBXBuildFile; fileRef = 1B000000000000000000000A /* GitHubLedger.swift */; };
		1C000000000000000000000B /* LedgerSettingsView.swift in Sources */ = {isa = PBXBuildFile; fileRef = 1B000000000000000000000B /* LedgerSettingsView.swift */; };
		1C000000000000000000000C /* GitHubDeviceFlow.swift in Sources */ = {isa = PBXBuildFile; fileRef = 1B000000000000000000000C /* GitHubDeviceFlow.swift */; };
		1C000000000000000000000D /* DataDump.swift in Sources */ = {isa = PBXBuildFile; fileRef = 1B000000000000000000000D /* DataDump.swift */; };
		1C000000000000000000000E /* DataDumpView.swift in Sources */ = {isa = PBXBuildFile; fileRef = 1B000000000000000000000E /* DataDumpView.swift */; };
		1C000000000000000000000F /* ReceiptCaptureStore.swift in Sources */ = {isa = PBXBuildFile; fileRef = 1B000000000000000000000F /* ReceiptCaptureStore.swift */; };
		1C0000000000000000000010 /* PP-OCRv5_mobile_det.onnx in Resources */ = {isa = PBXBuildFile; fileRef = 1B0000000000000000000010 /* PP-OCRv5_mobile_det.onnx */; };
		1C0000000000000000000011 /* PP-OCRv5_mobile_rec.onnx in Resources */ = {isa = PBXBuildFile; fileRef = 1B0000000000000000000011 /* PP-OCRv5_mobile_rec.onnx */; };
		1C0000000000000000000012 /* PP-LCNet_x1_0_textline_ori.onnx in Resources */ = {isa = PBXBuildFile; fileRef = 1B0000000000000000000012 /* PP-LCNet_x1_0_textline_ori.onnx */; };
		1C0000000000000000000013 /* costco_20260301_redact.jpg in Resources */ = {isa = PBXBuildFile; fileRef = 1B0000000000000000000013 /* costco_20260301_redact.jpg */; };
		1C0000000000000000000014 /* Assets.xcassets in Resources */ = {isa = PBXBuildFile; fileRef = 1B0000000000000000000014 /* Assets.xcassets */; };
		1C0000000000000000000020 /* BBReceiptKit in Frameworks */ = {isa = PBXBuildFile; productRef = 1A0000000000000000000012 /* BBReceiptKit */; };
/* End PBXBuildFile section */

/* Begin PBXFileReference section */
		1A0000000000000000000007 /* BeanBeaver.app */ = {isa = PBXFileReference; explicitFileType = wrapper.application; includeInIndex = 0; path = BeanBeaver.app; sourceTree = BUILT_PRODUCTS_DIR; };
		1B0000000000000000000001 /* BeanBeaverApp.swift */ = {isa = PBXFileReference; lastKnownFileType = sourcecode.swift; path = BeanBeaverApp.swift; sourceTree = "<group>"; };
		1B0000000000000000000002 /* ContentView.swift */ = {isa = PBXFileReference; lastKnownFileType = sourcecode.swift; path = ContentView.swift; sourceTree = "<group>"; };
		1B0000000000000000000003 /* ReceiptPipeline.swift */ = {isa = PBXFileReference; lastKnownFileType = sourcecode.swift; path = ReceiptPipeline.swift; sourceTree = "<group>"; };
		1B0000000000000000000004 /* DocumentScanner.swift */ = {isa = PBXFileReference; lastKnownFileType = sourcecode.swift; path = DocumentScanner.swift; sourceTree = "<group>"; };
		1B0000000000000000000005 /* PhotoSaver.swift */ = {isa = PBXFileReference; lastKnownFileType = sourcecode.swift; path = PhotoSaver.swift; sourceTree = "<group>"; };
		1B0000000000000000000006 /* Theme.swift */ = {isa = PBXFileReference; lastKnownFileType = sourcecode.swift; path = Theme.swift; sourceTree = "<group>"; };
		1B0000000000000000000007 /* Keychain.swift */ = {isa = PBXFileReference; lastKnownFileType = sourcecode.swift; path = Keychain.swift; sourceTree = "<group>"; };
		1B0000000000000000000008 /* LedgerExport.swift */ = {isa = PBXFileReference; lastKnownFileType = sourcecode.swift; path = LedgerExport.swift; sourceTree = "<group>"; };
		1B0000000000000000000009 /* FilesLedgerInbox.swift */ = {isa = PBXFileReference; lastKnownFileType = sourcecode.swift; path = FilesLedgerInbox.swift; sourceTree = "<group>"; };
		1B000000000000000000000A /* GitHubLedger.swift */ = {isa = PBXFileReference; lastKnownFileType = sourcecode.swift; path = GitHubLedger.swift; sourceTree = "<group>"; };
		1B000000000000000000000B /* LedgerSettingsView.swift */ = {isa = PBXFileReference; lastKnownFileType = sourcecode.swift; path = LedgerSettingsView.swift; sourceTree = "<group>"; };
		1B000000000000000000000C /* GitHubDeviceFlow.swift */ = {isa = PBXFileReference; lastKnownFileType = sourcecode.swift; path = GitHubDeviceFlow.swift; sourceTree = "<group>"; };
		1B000000000000000000000D /* DataDump.swift */ = {isa = PBXFileReference; lastKnownFileType = sourcecode.swift; path = DataDump.swift; sourceTree = "<group>"; };
		1B000000000000000000000E /* DataDumpView.swift */ = {isa = PBXFileReference; lastKnownFileType = sourcecode.swift; path = DataDumpView.swift; sourceTree = "<group>"; };
		1B000000000000000000000F /* ReceiptCaptureStore.swift */ = {isa = PBXFileReference; lastKnownFileType = sourcecode.swift; path = ReceiptCaptureStore.swift; sourceTree = "<group>"; };
		1B0000000000000000000010 /* PP-OCRv5_mobile_det.onnx */ = {isa = PBXFileReference; lastKnownFileType = file; name = "PP-OCRv5_mobile_det.onnx"; path = "../models/PP-OCRv5_mobile_det.onnx"; sourceTree = SOURCE_ROOT; };
		1B0000000000000000000011 /* PP-OCRv5_mobile_rec.onnx */ = {isa = PBXFileReference; lastKnownFileType = file; name = "PP-OCRv5_mobile_rec.onnx"; path = "../models/PP-OCRv5_mobile_rec.onnx"; sourceTree = SOURCE_ROOT; };
		1B0000000000000000000012 /* PP-LCNet_x1_0_textline_ori.onnx */ = {isa = PBXFileReference; lastKnownFileType = file; name = "PP-LCNet_x1_0_textline_ori.onnx"; path = "../models/PP-LCNet_x1_0_textline_ori.onnx"; sourceTree = SOURCE_ROOT; };
		1B0000000000000000000013 /* costco_20260301_redact.jpg */ = {isa = PBXFileReference; lastKnownFileType = image.jpeg; name = costco_20260301_redact.jpg; path = ../tests/receipts_e2e/costco_20260301_redact.jpg; sourceTree = SOURCE_ROOT; };
		1B0000000000000000000014 /* Assets.xcassets */ = {isa = PBXFileReference; lastKnownFileType = folder.assetcatalog; path = Assets.xcassets; sourceTree = "<group>"; };
/* End PBXFileReference section */

/* Begin PBXFrameworksBuildPhase section */
		1A000000000000000000000F /* Frameworks */ = {
			isa = PBXFrameworksBuildPhase;
			buildActionMask = 2147483647;
			files = (
				1C0000000000000000000020 /* BBReceiptKit in Frameworks */,
			);
			runOnlyForDeploymentPostprocessing = 0;
		};
/* End PBXFrameworksBuildPhase section */

/* Begin PBXGroup section */
		1A0000000000000000000002 = {
			isa = PBXGroup;
			children = (
				1A0000000000000000000004 /* BeanBeaver */,
				1A0000000000000000000005 /* Models */,
				1A0000000000000000000003 /* Products */,
			);
			sourceTree = "<group>";
		};
		1A0000000000000000000003 /* Products */ = {
			isa = PBXGroup;
			children = (
				1A0000000000000000000007 /* BeanBeaver.app */,
			);
			name = Products;
			sourceTree = "<group>";
		};
		1A0000000000000000000004 /* BeanBeaver */ = {
			isa = PBXGroup;
			children = (
				1B0000000000000000000001 /* BeanBeaverApp.swift */,
				1B0000000000000000000002 /* ContentView.swift */,
				1B0000000000000000000003 /* ReceiptPipeline.swift */,
				1B0000000000000000000004 /* DocumentScanner.swift */,
				1B0000000000000000000005 /* PhotoSaver.swift */,
				1B0000000000000000000006 /* Theme.swift */,
				1B0000000000000000000007 /* Keychain.swift */,
				1B0000000000000000000008 /* LedgerExport.swift */,
				1B0000000000000000000009 /* FilesLedgerInbox.swift */,
				1B000000000000000000000A /* GitHubLedger.swift */,
				1B000000000000000000000B /* LedgerSettingsView.swift */,
				1B000000000000000000000C /* GitHubDeviceFlow.swift */,
				1B000000000000000000000D /* DataDump.swift */,
				1B000000000000000000000E /* DataDumpView.swift */,
				1B000000000000000000000F /* ReceiptCaptureStore.swift */,
				1B0000000000000000000014 /* Assets.xcassets */,
			);
			path = BeanBeaver;
			sourceTree = "<group>";
		};
		1A0000000000000000000005 /* Models */ = {
			isa = PBXGroup;
			children = (
				1B0000000000000000000010 /* PP-OCRv5_mobile_det.onnx */,
				1B0000000000000000000011 /* PP-OCRv5_mobile_rec.onnx */,
				1B0000000000000000000012 /* PP-LCNet_x1_0_textline_ori.onnx */,
				1B0000000000000000000013 /* costco_20260301_redact.jpg */,
			);
			name = Models;
			sourceTree = "<group>";
		};
/* End PBXGroup section */

/* Begin PBXNativeTarget section */
		1A0000000000000000000006 /* BeanBeaver */ = {
			isa = PBXNativeTarget;
			buildConfigurationList = 1A0000000000000000000009 /* Build configuration list for PBXNativeTarget "BeanBeaver" */;
			buildPhases = (
				1A000000000000000000000E /* Sources */,
				1A000000000000000000000F /* Frameworks */,
				1A0000000000000000000010 /* Resources */,
			);
			buildRules = (
			);
			dependencies = (
			);
			name = BeanBeaver;
			packageProductDependencies = (
				1A0000000000000000000012 /* BBReceiptKit */,
			);
			productName = BeanBeaver;
			productReference = 1A0000000000000000000007 /* BeanBeaver.app */;
			productType = "com.apple.product-type.application";
		};
/* End PBXNativeTarget section */

/* Begin PBXProject section */
		1A0000000000000000000001 /* Project object */ = {
			isa = PBXProject;
			attributes = {
				BuildIndependentTargetsInParallel = 1;
				LastSwiftUpdateCheck = 1700;
				LastUpgradeCheck = 1700;
				TargetAttributes = {
					1A0000000000000000000006 = {
						CreatedOnToolsVersion = 17.0;
					};
				};
			};
			buildConfigurationList = 1A0000000000000000000008 /* Build configuration list for PBXProject "BeanBeaver" */;
			compatibilityVersion = "Xcode 14.0";
			developmentRegion = en;
			hasScannedForEncodings = 0;
			knownRegions = (
				en,
				Base,
			);
			mainGroup = 1A0000000000000000000002;
			packageReferences = (
				1A0000000000000000000011 /* XCLocalSwiftPackageReference "../BBReceiptKit" */,
			);
			productRefGroup = 1A0000000000000000000003 /* Products */;
			projectDirPath = "";
			projectRoot = "";
			targets = (
				1A0000000000000000000006 /* BeanBeaver */,
			);
		};
/* End PBXProject section */

/* Begin PBXResourcesBuildPhase section */
		1A0000000000000000000010 /* Resources */ = {
			isa = PBXResourcesBuildPhase;
			buildActionMask = 2147483647;
			files = (
				1C0000000000000000000010 /* PP-OCRv5_mobile_det.onnx in Resources */,
				1C0000000000000000000011 /* PP-OCRv5_mobile_rec.onnx in Resources */,
				1C0000000000000000000012 /* PP-LCNet_x1_0_textline_ori.onnx in Resources */,
				1C0000000000000000000013 /* costco_20260301_redact.jpg in Resources */,
				1C0000000000000000000014 /* Assets.xcassets in Resources */,
			);
			runOnlyForDeploymentPostprocessing = 0;
		};
/* End PBXResourcesBuildPhase section */

/* Begin PBXSourcesBuildPhase section */
		1A000000000000000000000E /* Sources */ = {
			isa = PBXSourcesBuildPhase;
			buildActionMask = 2147483647;
			files = (
				1C0000000000000000000001 /* BeanBeaverApp.swift in Sources */,
				1C0000000000000000000002 /* ContentView.swift in Sources */,
				1C0000000000000000000003 /* ReceiptPipeline.swift in Sources */,
				1C0000000000000000000004 /* DocumentScanner.swift in Sources */,
				1C0000000000000000000005 /* PhotoSaver.swift in Sources */,
				1C0000000000000000000006 /* Theme.swift in Sources */,
				1C0000000000000000000007 /* Keychain.swift in Sources */,
				1C0000000000000000000008 /* LedgerExport.swift in Sources */,
				1C0000000000000000000009 /* FilesLedgerInbox.swift in Sources */,
				1C000000000000000000000A /* GitHubLedger.swift in Sources */,
				1C000000000000000000000B /* LedgerSettingsView.swift in Sources */,
				1C000000000000000000000C /* GitHubDeviceFlow.swift in Sources */,
				1C000000000000000000000D /* DataDump.swift in Sources */,
				1C000000000000000000000E /* DataDumpView.swift in Sources */,
				1C000000000000000000000F /* ReceiptCaptureStore.swift in Sources */,
			);
			runOnlyForDeploymentPostprocessing = 0;
		};
/* End PBXSourcesBuildPhase section */

/* Begin XCBuildConfiguration section */
		1A000000000000000000000A /* Debug */ = {
			isa = XCBuildConfiguration;
			buildSettings = {
				ALWAYS_SEARCH_USER_PATHS = NO;
				CLANG_ENABLE_MODULES = YES;
				CLANG_ENABLE_OBJC_ARC = YES;
				COPY_PHASE_STRIP = NO;
				DEBUG_INFORMATION_FORMAT = dwarf;
				ENABLE_STRICT_OBJC_MSGSEND = YES;
				ENABLE_TESTABILITY = YES;
				GCC_DYNAMIC_NO_PIC = NO;
				GCC_OPTIMIZATION_LEVEL = 0;
				GCC_PREPROCESSOR_DEFINITIONS = (
					"DEBUG=1",
					"$(inherited)",
				);
				IPHONEOS_DEPLOYMENT_TARGET = 17.0;
				MTL_ENABLE_DEBUG_INFO = INCLUDE_SOURCE;
				ONLY_ACTIVE_ARCH = YES;
				SDKROOT = iphoneos;
				SWIFT_ACTIVE_COMPILATION_CONDITIONS = DEBUG;
				SWIFT_OPTIMIZATION_LEVEL = "-Onone";
			};
			name = Debug;
		};
		1A000000000000000000000B /* Release */ = {
			isa = XCBuildConfiguration;
			buildSettings = {
				ALWAYS_SEARCH_USER_PATHS = NO;
				CLANG_ENABLE_MODULES = YES;
				CLANG_ENABLE_OBJC_ARC = YES;
				COPY_PHASE_STRIP = NO;
				DEBUG_INFORMATION_FORMAT = "dwarf-with-dsym";
				ENABLE_NS_ASSERTIONS = NO;
				ENABLE_STRICT_OBJC_MSGSEND = YES;
				IPHONEOS_DEPLOYMENT_TARGET = 17.0;
				MTL_ENABLE_DEBUG_INFO = NO;
				SDKROOT = iphoneos;
				SWIFT_COMPILATION_MODE = wholemodule;
				SWIFT_OPTIMIZATION_LEVEL = "-O";
				VALIDATE_PRODUCT = YES;
			};
			name = Release;
		};
		1A000000000000000000000C /* Debug */ = {
			isa = XCBuildConfiguration;
			buildSettings = {
				ASSETCATALOG_COMPILER_APPICON_NAME = AppIcon;
				ASSETCATALOG_COMPILER_GENERATE_ASSET_SYMBOLS = NO;
				CODE_SIGN_STYLE = Automatic;
				CURRENT_PROJECT_VERSION = 1;
				DEVELOPMENT_TEAM = 562765PD74;
				ENABLE_USER_SCRIPT_SANDBOXING = YES;
				GENERATE_INFOPLIST_FILE = YES;
				INFOPLIST_KEY_NSCameraUsageDescription = "Scan receipts with the camera.";
				INFOPLIST_KEY_NSPhotoLibraryAddUsageDescription = "Save scanned receipts to your photo library.";
				INFOPLIST_KEY_UIApplicationSceneManifest_Generation = YES;
				INFOPLIST_KEY_UIApplicationSupportsIndirectInputEvents = YES;
				INFOPLIST_KEY_UILaunchScreen_Generation = YES;
				INFOPLIST_KEY_UISupportedInterfaceOrientations = "UIInterfaceOrientationPortrait UIInterfaceOrientationLandscapeLeft UIInterfaceOrientationLandscapeRight";
				MARKETING_VERSION = 0.1;
				OTHER_LDFLAGS = "-lc++";
				PRODUCT_BUNDLE_IDENTIFIER = com.beanbeaver.BeanBeaver;
				PRODUCT_NAME = "$(TARGET_NAME)";
				SWIFT_EMIT_LOC_STRINGS = YES;
				SWIFT_VERSION = 5.0;
				TARGETED_DEVICE_FAMILY = "1,2";
			};
			name = Debug;
		};
		1A000000000000000000000D /* Release */ = {
			isa = XCBuildConfiguration;
			buildSettings = {
				ASSETCATALOG_COMPILER_APPICON_NAME = AppIcon;
				ASSETCATALOG_COMPILER_GENERATE_ASSET_SYMBOLS = NO;
				CODE_SIGN_STYLE = Automatic;
				CURRENT_PROJECT_VERSION = 1;
				DEVELOPMENT_TEAM = 562765PD74;
				ENABLE_USER_SCRIPT_SANDBOXING = YES;
				GENERATE_INFOPLIST_FILE = YES;
				INFOPLIST_KEY_NSCameraUsageDescription = "Scan receipts with the camera.";
				INFOPLIST_KEY_NSPhotoLibraryAddUsageDescription = "Save scanned receipts to your photo library.";
				INFOPLIST_KEY_UIApplicationSceneManifest_Generation = YES;
				INFOPLIST_KEY_UIApplicationSupportsIndirectInputEvents = YES;
				INFOPLIST_KEY_UILaunchScreen_Generation = YES;
				INFOPLIST_KEY_UISupportedInterfaceOrientations = "UIInterfaceOrientationPortrait UIInterfaceOrientationLandscapeLeft UIInterfaceOrientationLandscapeRight";
				MARKETING_VERSION = 0.1;
				OTHER_LDFLAGS = "-lc++";
				PRODUCT_BUNDLE_IDENTIFIER = com.beanbeaver.BeanBeaver;
				PRODUCT_NAME = "$(TARGET_NAME)";
				SWIFT_EMIT_LOC_STRINGS = YES;
				SWIFT_VERSION = 5.0;
				TARGETED_DEVICE_FAMILY = "1,2";
			};
			name = Release;
		};
/* End XCBuildConfiguration section */

/* Begin XCConfigurationList section */
		1A0000000000000000000008 /* Build configuration list for PBXProject "BeanBeaver" */ = {
			isa = XCConfigurationList;
			buildConfigurations = (
				1A000000000000000000000A /* Debug */,
				1A000000000000000000000B /* Release */,
			);
			defaultConfigurationIsVisible = 0;
			defaultConfigurationName = Release;
		};
		1A0000000000000000000009 /* Build configuration list for PBXNativeTarget "BeanBeaver" */ = {
			isa = XCConfigurationList;
			buildConfigurations = (
				1A000000000000000000000C /* Debug */,
				1A000000000000000000000D /* Release */,
			);
			defaultConfigurationIsVisible = 0;
			defaultConfigurationName = Release;
		};
/* End XCConfigurationList section */

/* Begin XCLocalSwiftPackageReference section */
		1A0000000000000000000011 /* XCLocalSwiftPackageReference "../BBReceiptKit" */ = {
			isa = XCLocalSwiftPackageReference;
			relativePath = ../BBReceiptKit;
		};
/* End XCLocalSwiftPackageReference section */

/* Begin XCSwiftPackageProductDependency section */
		1A0000000000000000000012 /* BBReceiptKit */ = {
			isa = XCSwiftPackageProductDependency;
			productName = BBReceiptKit;
		};
/* End XCSwiftPackageProductDependency section */
	};
	rootObject = 1A0000000000000000000001 /* Project object */;
}
